
Microsoft Visual Studio Solution File, Format Version 10.00
# Visual C++ Express 2008
Project("{8BC9CEB8-8B4A-11D0-8D11-00A0C91BC942}") = "hermit", "hermit.vcproj", "{11ABA04F-70D2-45D1-BC7D-DEC227AEE565}"
	ProjectSection(ProjectDependencies) = postProject
		{F7A2432C-23D9-49A1-B646-4407F4245328} = {F7A2432C-23D9-49A1-B646-4407F4245328}
		{B790B0AF-1B60-4AA4-A84B-3629A120B262} = {B790B0AF-1B60-4AA4-A84B-3629A120B262}
		{B17F9CE4-B246-4A5A-93A7-8FC2DC6777E1} = {B17F9CE4-B246-4A5A-93A7-8FC2DC6777E1}
	EndProjectSection
EndProject
Project("{8BC9CEB8-8B4A-11D0-8D11-00A0C91BC942}") = "tree", "..\tree\tree.vcproj", "{F7A2432C-23D9-49A1-B646-4407F4245328}"
	ProjectSection(ProjectDependencies) = postProject
		{B790B0AF-1B60-4AA4-A84B-3629A120B262} = {B790B0AF-1B60-4AA4-A84B-3629A120B262}
	EndProjectSection
EndProject
Project("{8BC9CEB8-8B4A-11D0-8D11-00A0C91BC942}") = "general", "..\general\general.vcproj", "{B790B0AF-1B60-4AA4-A84B-3629A120B262}"
EndProject
Project("{8BC9CEB8-8B4A-11D0-8D11-00A0C91BC942}") = "console", "..\console\console.vcproj", "{B17F9CE4-B246-4A5A-93A7-8FC2DC6777E1}"
	ProjectSection(ProjectDependencies) = postProject
		{B790B0AF-1B60-4AA4-A84B-3629A120B262} = {B790B0AF-1B60-4AA4-A84B-3629A120B262}
	EndProjectSection
EndProject
Global
	GlobalSection(SolutionConfigurationPlatforms) = preSolution
		Debug|Win32 = Debug|Win32
		Release|Win32 = Release|Win32
	EndGlobalSection
	GlobalSection(ProjectConfigurationPlatforms) = postSolution
		{11ABA04F-70D2-45D1-BC7D-DEC227AEE565}.Debug|Win32.ActiveCfg = Debug|Win32
		{11ABA04F-70D2-45D1-BC7D-DEC227AEE565}.Debug|Win32.Build.0 = Debug|Win32
		{11ABA04F-70D2-45D1-BC7D-DEC227AEE565}.Release|Win32.ActiveCfg = Release|Win32
		{11ABA04F-70D2-45D1-BC7D-DEC227AEE565}.Release|Win32.Build.0 = Release|Win32
		{F7A2432C-23D9-49A1-B646-4407F4245328}.Debug|Win32.ActiveCfg = Debug|Win32
		{F7A2432C-23D9-49A1-B646-4407F4245328}.Debug|Win32.Build.0 = Debug|Win32
		{F7A2432C-23D9-49A1-B646-4407F4245328}.Release|Win32.ActiveCfg = Release|Win32
		{F7A2432C-23D9-49A1-B646-4407F4245328}.Release|Win32.Build.0 = Release|Win32
		{B790B0AF-1B60-4AA4-A84B-3629A120B262}.Debug|Win32.ActiveCfg = Debug|Win32
		{B790B0AF-1B60-4AA4-A84B-3629A120B262}.Debug|Win32.Build.0 = Debug|Win32
		{B790B0AF-1B60-4AA4-A84B-3629A120B262}.Release|Win32.ActiveCfg = Release|Win32
		{B790B0AF-1B60-4AA4-A84B-3629A120B262}.Release|Win32.Build.0 = Release|Win32
		{B17F9CE4-B246-4A5A-93A7-8FC2DC6777E1}.Debug|Win32.ActiveCfg = Debug|Win32
		{B17F9CE4-B246-4A5A-93A7-8FC2DC6777E1}.Debug|Win32.Build.0 = Debug|Win32
		{B17F9CE4-B246-4A5A-93A7-8FC2DC6777E1}.Release|Win32.ActiveCfg = Release|Win32
		{B17F9CE4-B246-4A5A-93A7-8FC2DC6777E1}.Release|Win32.Build.0 = Release|Win32
	EndGlobalSection
	GlobalSection(SolutionProperties) = preSolution
		HideSolutionNode = FALSE
	EndGlobalSection
EndGlobal
